// !$*UTF8*$!
{
	archiveVersion = 1;
	classes = {
	};
	objectVersion = 46;
	objects = {

/* Begin PBXBuildFile section */
		F32DD35F1E5F6C1B001A636A /* main.m in Sources */ = {isa = PBXBuildFile; fileRef = F32DD35E1E5F6C1B001A636A /* main.m */; };
		F32DD3621E5F6C1C001A636A /* AppDelegate.m in Sources */ = {isa = PBXBuildFile; fileRef = F32DD3611E5F6C1C001A636A /* AppDelegate.m */; };
		F32DD3681E5F6C1E001A636A /* Main.storyboard in Resources */ = {isa = PBXBuildFile; fileRef = F32DD3661E5F6C1E001A636A /* Main.storyboard */; };
		F32DD36A1E5F6C1E001A636A /* Assets.xcassets in Resources */ = {isa = PBXBuildFile; fileRef = F32DD3691E5F6C1E001A636A /* Assets.xcassets */; };
		F32DD36D1E5F6C20001A636A /* LaunchScreen.storyboard in Resources */ = {isa = PBXBuildFile; fileRef = F32DD36B1E5F6C20001A636A /* LaunchScreen.storyboard */; };
		F32DD3781E5F6C27001A636A /* TestUITests.m in Sources */ = {isa = PBXBuildFile; fileRef = F32DD3771E5F6C27001A636A /* TestUITests.m */; };
		F32DD3851E5F6DD6001A636A /* ImageCollectionViewCell.m in Sources */ = {isa = PBXBuildFile; fileRef = F32DD3841E5F6DD6001A636A /* ImageCollectionViewCell.m */; };
		F32DD3891E5F70EF001A636A /* BrowseViewModel.m in Sources */ = {isa = PBXBuildFile; fileRef = F32DD3881E5F70EF001A636A /* BrowseViewModel.m */; };
		F32DD38C1E5F716F001A636A /* CoreLocation.framework in Frameworks */ = {isa = PBXBuildFile; fileRef = F32DD38B1E5F716F001A636A /* CoreLocation.framework */; };
		F32DD38E1E5F763B001A636A /* data.json in Resources */ = {isa = PBXBuildFile; fileRef = F32DD38D1E5F763B001A636A /* data.json */; };
		F32DD3911E5F7926001A636A /* BrowseViewController.m in Sources */ = {isa = PBXBuildFile; fileRef = F32DD3901E5F7926001A636A /* BrowseViewController.m */; };
		F32DD3971E5F8CDC001A636A /* DetailViewController.m in Sources */ = {isa = PBXBuildFile; fileRef = F32DD3961E5F8CDC001A636A /* DetailViewController.m */; };
		F32DD39D1E5F8E5C001A636A /* imgeview.html in Resources */ = {isa = PBXBuildFile; fileRef = F32DD39B1E5F8E5C001A636A /* imgeview.html */; };
		F32DD39E1E5F8E5C001A636A /* style.css in Resources */ = {isa = PBXBuildFile; fileRef = F32DD39C1E5F8E5C001A636A /* style.css */; };
/* End PBXBuildFile section */

/* Begin PBXContainerItemProxy section */
		F32DD3741E5F6C26001A636A /* PBXContainerItemProxy */ = {
			isa = PBXContainerItemProxy;
			containerPortal = F32DD3521E5F6C11001A636A /* Project object */;
			proxyType = 1;
			remoteGlobalIDString = F32DD3591E5F6C11001A636A;
			remoteInfo = Test;
		};
/* End PBXContainerItemProxy section */

/* Begin PBXFileReference section */
		F32DD35A1E5F6C1A001A636A /* Test.app */ = {isa = PBXFileReference; explicitFileType = wrapper.application; includeInIndex = 0; path = Test.app; sourceTree = BUILT_PRODUCTS_DIR; };
		F32DD35E1E5F6C1B001A636A /* main.m */ = {isa = PBXFileReference; lastKnownFileType = sourcecode.c.objc; path = main.m; sourceTree = "<group>"; };
		F32DD3601E5F6C1C001A636A /* AppDelegate.h */ = {isa = PBXFileReference; lastKnownFileType = sourcecode.c.h; path = AppDelegate.h; sourceTree = "<group>"; };
		F32DD3611E5F6C1C001A636A /* AppDelegate.m */ = {isa = PBXFileReference; lastKnownFileType = sourcecode.c.objc; path = AppDelegate.m; sourceTree = "<group>"; };
		F32DD3671E5F6C1E001A636A /* Base */ = {isa = PBXFileReference; lastKnownFileType = file.storyboard; name = Base; path = Base.lproj/Main.storyboard; sourceTree = "<group>"; };
		F32DD3691E5F6C1E001A636A /* Assets.xcassets */ = {isa = PBXFileReference; lastKnownFileType = folder.assetcatalog; path = Assets.xcassets; sourceTree = "<group>"; };
		F32DD36C1E5F6C20001A636A /* Base */ = {isa = PBXFileReference; lastKnownFileType = file.storyboard; name = Base; path = Base.lproj/LaunchScreen.storyboard; sourceTree = "<group>"; };
		F32DD36E1E5F6C20001A636A /* Info.plist */ = {isa = PBXFileReference; lastKnownFileType = text.plist.xml; path = Info.plist; sourceTree = "<group>"; };
		F32DD3731E5F6C26001A636A /* TestUITests.xctest */ = {isa = PBXFileReference; explicitFileType = wrapper.cfbundle; includeInIndex = 0; path = TestUITests.xctest; sourceTree = BUILT_PRODUCTS_DIR; };
		F32DD3771E5F6C27001A636A /* TestUITests.m */ = {isa = PBXFileReference; lastKnownFileType = sourcecode.c.objc; path = TestUITests.m; sourceTree = "<group>"; };
		F32DD3791E5F6C27001A636A /* Info.plist */ = {isa = PBXFileReference; lastKnownFileType = text.plist.xml; path = Info.plist; sourceTree = "<group>"; };
		F32DD3831E5F6DD6001A636A /* ImageCollectionViewCell.h */ = {isa = PBXFileReference; fileEncoding = 4; lastKnownFileType = sourcecode.c.h; name = ImageCollectionViewCell.h; path = UI/ImageCollectionViewCell.h; sourceTree = "<group>"; };
		F32DD3841E5F6DD6001A636A /* ImageCollectionViewCell.m */ = {isa = PBXFileReference; fileEncoding = 4; lastKnownFileType = sourcecode.c.objc; name = ImageCollectionViewCell.m; path = UI/ImageCollectionViewCell.m; sourceTree = "<group>"; };
		F32DD3871E5F70EF001A636A /* BrowseViewModel.h */ = {isa = PBXFileReference; fileEncoding = 4; lastKnownFileType = sourcecode.c.h; name = BrowseViewModel.h; path = ViewModel/BrowseViewModel.h; sourceTree = "<group>"; };
		F32DD3881E5F70EF001A636A /* BrowseViewModel.m */ = {isa = PBXFileReference; fileEncoding = 4; lastKnownFileType = sourcecode.c.objc; name = BrowseViewModel.m; path = ViewModel/BrowseViewModel.m; sourceTree = "<group>"; };
		F32DD38B1E5F716F001A636A /* CoreLocation.framework */ = {isa = PBXFileReference; lastKnownFileType = wrapper.framework; name = CoreLocation.framework; path = System/Library/Frameworks/CoreLocation.framework; sourceTree = SDKROOT; };
		F32DD38D1E5F763B001A636A /* data.json */ = {isa = PBXFileReference; fileEncoding = 4; lastKnownFileType = text.json; path = data.json; sourceTree = "<group>"; };
		F32DD38F1E5F7926001A636A /* BrowseViewController.h */ = {isa = PBXFileReference; fileEncoding = 4; lastKnownFileType = sourcecode.c.h; name = BrowseViewController.h; path = VC/BrowseViewController.h; sourceTree = "<group>"; };
		F32DD3901E5F7926001A636A /* BrowseViewController.m */ = {isa = PBXFileReference; fileEncoding = 4; lastKnownFileType = sourcecode.c.objc; name = BrowseViewController.m; path = VC/BrowseViewController.m; sourceTree = "<group>"; };
		F32DD3931E5F7DC8001A636A /* fr */ = {isa = PBXFileReference; lastKnownFileType = text.plist.strings; name = fr; path = fr.lproj/Main.strings; sourceTree = "<group>"; };
		F32DD3941E5F7DC8001A636A /* fr */ = {isa = PBXFileReference; lastKnownFileType = text.plist.strings; name = fr; path = fr.lproj/LaunchScreen.strings; sourceTree = "<group>"; };
		F32DD3951E5F8CDC001A636A /* DetailViewController.h */ = {isa = PBXFileReference; fileEncoding = 4; lastKnownFileType = sourcecode.c.h; name = DetailViewController.h; path = VC/DetailViewController.h; sourceTree = "<group>"; };
		F32DD3961E5F8CDC001A636A /* DetailViewController.m */ = {isa = PBXFileReference; fileEncoding = 4; lastKnownFileType = sourcecode.c.objc; name = DetailViewController.m; path = VC/DetailViewController.m; sourceTree = "<group>"; };
		F32DD39B1E5F8E5C001A636A /* imgeview.html */ = {isa = PBXFileReference; fileEncoding = 4; lastKnownFileType = text.html; name = imgeview.html; path = HTML/imgeview.html; sourceTree = "<group>"; };
		F32DD39C1E5F8E5C001A636A /* style.css */ = {isa = PBXFileReference; fileEncoding = 4; lastKnownFileType = text.css; name = style.css; path = HTML/style.css; sourceTree = "<group>"; };
/* End PBXFileReference section */

/* Begin PBXFrameworksBuildPhase section */
		F32DD3571E5F6C11001A636A /* Frameworks */ = {
			isa = PBXFrameworksBuildPhase;
			buildActionMask = 2147483647;
			files = (
				F32DD38C1E5F716F001A636A /* CoreLocation.framework in Frameworks */,
			);
			runOnlyForDeploymentPostprocessing = 0;
		};
		F32DD3701E5F6C25001A636A /* Frameworks */ = {
			isa = PBXFrameworksBuildPhase;
			buildActionMask = 2147483647;
			files = (
			);
			runOnlyForDeploymentPostprocessing = 0;
		};
/* End PBXFrameworksBuildPhase section */

/* Begin PBXGroup section */
		F32DD3511E5F6C10001A636A = {
			isa = PBXGroup;
			children = (
				F32DD35C1E5F6C1A001A636A /* Test */,
				F32DD3761E5F6C26001A636A /* TestUITests */,
				F32DD35B1E5F6C1A001A636A /* Products */,
				F32DD38A1E5F716F001A636A /* Frameworks */,
			);
			sourceTree = "<group>";
		};
		F32DD35B1E5F6C1A001A636A /* Products */ = {
			isa = PBXGroup;
			children = (
				F32DD35A1E5F6C1A001A636A /* Test.app */,
				F32DD3731E5F6C26001A636A /* TestUITests.xctest */,
			);
			name = Products;
			sourceTree = "<group>";
		};
		F32DD35C1E5F6C1A001A636A /* Test */ = {
			isa = PBXGroup;
			children = (
				F32DD38D1E5F763B001A636A /* data.json */,
				F32DD39A1E5F8E54001A636A /* HTML */,
				F32DD3921E5F792A001A636A /* VC */,
				F32DD3861E5F70D5001A636A /* ViewModel */,
				F32DD3821E5F6DB9001A636A /* UI */,
				F32DD3601E5F6C1C001A636A /* AppDelegate.h */,
				F32DD3611E5F6C1C001A636A /* AppDelegate.m */,
				F32DD3661E5F6C1E001A636A /* Main.storyboard */,
				F32DD3691E5F6C1E001A636A /* Assets.xcassets */,
				F32DD36B1E5F6C20001A636A /* LaunchScreen.storyboard */,
				F32DD36E1E5F6C20001A636A /* Info.plist */,
				F32DD35D1E5F6C1B001A636A /* Supporting Files */,
			);
			path = Test;
			sourceTree = "<group>";
		};
		F32DD35D1E5F6C1B001A636A /* Supporting Files */ = {
			isa = PBXGroup;
			children = (
				F32DD35E1E5F6C1B001A636A /* main.m */,
			);
			name = "Supporting Files";
			sourceTree = "<group>";
		};
		F32DD3761E5F6C26001A636A /* TestUITests */ = {
			isa = PBXGroup;
			children = (
				F32DD3771E5F6C27001A636A /* TestUITests.m */,
				F32DD3791E5F6C27001A636A /* Info.plist */,
			);
			path = TestUITests;
			sourceTree = "<group>";
		};
		F32DD3821E5F6DB9001A636A /* UI */ = {
			isa = PBXGroup;
			children = (
				F32DD3831E5F6DD6001A636A /* ImageCollectionViewCell.h */,
				F32DD3841E5F6DD6001A636A /* ImageCollectionViewCell.m */,
			);
			name = UI;
			sourceTree = "<group>";
		};
		F32DD3861E5F70D5001A636A /* ViewModel */ = {
			isa = PBXGroup;
			children = (
				F32DD3871E5F70EF001A636A /* BrowseViewModel.h */,
				F32DD3881E5F70EF001A636A /* BrowseViewModel.m */,
			);
			name = ViewModel;
			sourceTree = "<group>";
		};
		F32DD38A1E5F716F001A636A /* Frameworks */ = {
			isa = PBXGroup;
			children = (
				F32DD38B1E5F716F001A636A /* CoreLocation.framework */,
			);
			name = Frameworks;
			sourceTree = "<group>";
		};
		F32DD3921E5F792A001A636A /* VC */ = {
			isa = PBXGroup;
			children = (
				F32DD3951E5F8CDC001A636A /* DetailViewController.h */,
				F32DD3961E5F8CDC001A636A /* DetailViewController.m */,
				F32DD38F1E5F7926001A636A /* BrowseViewController.h */,
				F32DD3901E5F7926001A636A /* BrowseViewController.m */,
			);
			name = VC;
			sourceTree = "<group>";
		};
		F32DD39A1E5F8E54001A636A /* HTML */ = {
			isa = PBXGroup;
			children = (
				F32DD39B1E5F8E5C001A636A /* imgeview.html */,
				F32DD39C1E5F8E5C001A636A /* style.css */,
			);
			name = HTML;
			sourceTree = "<group>";
		};
/* End PBXGroup section */

/* Begin PBXNativeTarget section */
		F32DD3591E5F6C11001A636A /* Test */ = {
			isa = PBXNativeTarget;
			buildConfigurationList = F32DD37C1E5F6C27001A636A /* Build configuration list for PBXNativeTarget "Test" */;
			buildPhases = (
				F32DD3561E5F6C11001A636A /* Sources */,
				F32DD3571E5F6C11001A636A /* Frameworks */,
				F32DD3581E5F6C11001A636A /* Resources */,
			);
			buildRules = (
			);
			dependencies = (
			);
			name = Test;
			productName = Test;
			productReference = F32DD35A1E5F6C1A001A636A /* Test.app */;
			productType = "com.apple.product-type.application";
		};
		F32DD3721E5F6C25001A636A /* TestUITests */ = {
			isa = PBXNativeTarget;
			buildConfigurationList = F32DD37F1E5F6C27001A636A /* Build configuration list for PBXNativeTarget "TestUITests" */;
			buildPhases = (
				F32DD36F1E5F6C25001A636A /* Sources */,
				F32DD3701E5F6C25001A636A /* Frameworks */,
				F32DD3711E5F6C25001A636A /* Resources */,
			);
			buildRules = (
			);
			dependencies = (
				F32DD3751E5F6C26001A636A /* PBXTargetDependency */,
			);
			name = TestUITests;
			productName = TestUITests;
			productReference = F32DD3731E5F6C26001A636A /* TestUITests.xctest */;
			productType = "com.apple.product-type.bundle.ui-testing";
		};
/* End PBXNativeTarget section */

/* Begin PBXProject section */
		F32DD3521E5F6C11001A636A /* Project object */ = {
			isa = PBXProject;
			attributes = {
				LastUpgradeCheck = 0820;
				ORGANIZATIONNAME = Com;
				TargetAttributes = {
					F32DD3591E5F6C11001A636A = {
						CreatedOnToolsVersion = 8.2.1;
						ProvisioningStyle = Manual;
					};
					F32DD3721E5F6C25001A636A = {
						CreatedOnToolsVersion = 8.2.1;
						ProvisioningStyle = Automatic;
						TestTargetID = F32DD3591E5F6C11001A636A;
					};
				};
			};
			buildConfigurationList = F32DD3551E5F6C11001A636A /* Build configuration list for PBXProject "Test" */;
			compatibilityVersion = "Xcode 3.2";
			developmentRegion = English;
			hasScannedForEncodings = 0;
			knownRegions = (
				en,
				Base,
			);
			mainGroup = F32DD3511E5F6C10001A636A;
			productRefGroup = F32DD35B1E5F6C1A001A636A /* Products */;
			projectDirPath = "";
			projectRoot = "";
			targets = (
				F32DD3591E5F6C11001A636A /* Test */,
				F32DD3721E5F6C25001A636A /* TestUITests */,
			);
		};
/* End PBXProject section */

/* Begin PBXResourcesBuildPhase section */
		F32DD3581E5F6C11001A636A /* Resources */ = {
			isa = PBXResourcesBuildPhase;
			buildActionMask = 2147483647;
			files = (
				F32DD36D1E5F6C20001A636A /* LaunchScreen.storyboard in Resources */,
				F32DD39E1E5F8E5C001A636A /* style.css in Resources */,
				F32DD36A1E5F6C1E001A636A /* Assets.xcassets in Resources */,
				F32DD3681E5F6C1E001A636A /* Main.storyboard in Resources */,
				F32DD39D1E5F8E5C001A636A /* imgeview.html in Resources */,
				F32DD38E1E5F763B001A636A /* data.json in Resources */,
			);
			runOnlyForDeploymentPostprocessing = 0;
		};
		F32DD3711E5F6C25001A636A /* Resources */ = {
			isa = PBXResourcesBuildPhase;
			buildActionMask = 2147483647;
			files = (
			);
			runOnlyForDeploymentPostprocessing = 0;
		};
/* End PBXResourcesBuildPhase section */

/* Begin PBXSourcesBuildPhase section */
		F32DD3561E5F6C11001A636A /* Sources */ = {
			isa = PBXSourcesBuildPhase;
			buildActionMask = 2147483647;
			files = (
				F32DD3621E5F6C1C001A636A /* AppDelegate.m in Sources */,
				F32DD3891E5F70EF001A636A /* BrowseViewModel.m in Sources */,
				F32DD3911E5F7926001A636A /* BrowseViewController.m in Sources */,
				F32DD3851E5F6DD6001A636A /* ImageCollectionViewCell.m in Sources */,
				F32DD35F1E5F6C1B001A636A /* main.m in Sources */,
				F32DD3971E5F8CDC001A636A /* DetailViewController.m in Sources */,
			);
			runOnlyForDeploymentPostprocessing = 0;
		};
		F32DD36F1E5F6C25001A636A /* Sources */ = {
			isa = PBXSourcesBuildPhase;
			buildActionMask = 2147483647;
			files = (
				F32DD3781E5F6C27001A636A /* TestUITests.m in Sources */,
			);
			runOnlyForDeploymentPostprocessing = 0;
		};
/* End PBXSourcesBuildPhase section */

/* Begin PBXTargetDependency section */
		F32DD3751E5F6C26001A636A /* PBXTargetDependency */ = {
			isa = PBXTargetDependency;
			target = F32DD3591E5F6C11001A636A /* Test */;
			targetProxy = F32DD3741E5F6C26001A636A /* PBXContainerItemProxy */;
		};
/* End PBXTargetDependency section */

/* Begin PBXVariantGroup section */
		F32DD3661E5F6C1E001A636A /* Main.storyboard */ = {
			isa = PBXVariantGroup;
			children = (
				F32DD3671E5F6C1E001A636A /* Base */,
				F32DD3931E5F7DC8001A636A /* fr */,
			);
			name = Main.storyboard;
			sourceTree = "<group>";
		};
		F32DD36B1E5F6C20001A636A /* LaunchScreen.storyboard */ = {
			isa = PBXVariantGroup;
			children = (
				F32DD36C1E5F6C20001A636A /* Base */,
				F32DD3941E5F7DC8001A636A /* fr */,
			);
			name = LaunchScreen.storyboard;
			sourceTree = "<group>";
		};
/* End PBXVariantGroup section */

/* Begin XCBuildConfiguration section */
		F32DD37A1E5F6C27001A636A /* Debug */ = {
			isa = XCBuildConfiguration;
			buildSettings = {
				ALWAYS_SEARCH_USER_PATHS = NO;
				CLANG_ANALYZER_LOCALIZABILITY_NONLOCALIZED = YES;
				CLANG_ANALYZER_NONNULL = YES;
				CLANG_CXX_LANGUAGE_STANDARD = "gnu++0x";
				CLANG_CXX_LIBRARY = "libc++";
				CLANG_ENABLE_MODULES = YES;
				CLANG_ENABLE_OBJC_ARC = YES;
				CLANG_WARN_BOOL_CONVERSION = YES;
				CLANG_WARN_CONSTANT_CONVERSION = YES;
				CLANG_WARN_DIRECT_OBJC_ISA_USAGE = YES_ERROR;
				CLANG_WARN_DOCUMENTATION_COMMENTS = YES;
				CLANG_WARN_EMPTY_BODY = YES;
				CLANG_WARN_ENUM_CONVERSION = YES;
				CLANG_WARN_INFINITE_RECURSION = YES;
				CLANG_WARN_INT_CONVERSION = YES;
				CLANG_WARN_OBJC_ROOT_CLASS = YES_ERROR;
				CLANG_WARN_SUSPICIOUS_MOVE = YES;
				CLANG_WARN_UNREACHABLE_CODE = YES;
				CLANG_WARN__DUPLICATE_METHOD_MATCH = YES;
				"CODE_SIGN_IDENTITY[sdk=iphoneos*]" = "iPhone Developer";
				COPY_PHASE_STRIP = NO;
				DEBUG_INFORMATION_FORMAT = dwarf;
				ENABLE_STRICT_OBJC_MSGSEND = YES;
				ENABLE_TESTABILITY = YES;
				GCC_C_LANGUAGE_STANDARD = gnu99;
				GCC_DYNAMIC_NO_PIC = NO;
				GCC_NO_COMMON_BLOCKS = YES;
				GCC_OPTIMIZATION_LEVEL = 0;
				GCC_PREPROCESSOR_DEFINITIONS = (
					"DEBUG=1",
					"$(inherited)",
				);
				GCC_WARN_64_TO_32_BIT_CONVERSION = YES;
				GCC_WARN_ABOUT_RETURN_TYPE = YES_ERROR;
				GCC_WARN_UNDECLARED_SELECTOR = YES;
				GCC_WARN_UNINITIALIZED_AUTOS = YES_AGGRESSIVE;
				GCC_WARN_UNUSED_FUNCTION = YES;
				GCC_WARN_UNUSED_VARIABLE = YES;
				IPHONEOS_DEPLOYMENT_TARGET = 10.2;
				MTL_ENABLE_DEBUG_INFO = YES;
				ONLY_ACTIVE_ARCH = YES;
				SDKROOT = iphoneos;
			};
			name = Debug;
		};
		F32DD37B1E5F6C27001A636A /* Release */ = {
			isa = XCBuildConfiguration;
			buildSettings = {
				ALWAYS_SEARCH_USER_PATHS = NO;
				CLANG_ANALYZER_LOCALIZABILITY_NONLOCALIZED = YES;
				CLANG_ANALYZER_NONNULL = YES;
				CLANG_CXX_LANGUAGE_STANDARD = "gnu++0x";
				CLANG_CXX_LIBRARY = "libc++";
				CLANG_ENABLE_MODULES = YES;
				CLANG_ENABLE_OBJC_ARC = YES;
				CLANG_WARN_BOOL_CONVERSION = YES;
				CLANG_WARN_CONSTANT_CONVERSION = YES;
				CLANG_WARN_DIRECT_OBJC_ISA_USAGE = YES_ERROR;
				CLANG_WARN_DOCUMENTATION_COMMENTS = YES;
				CLANG_WARN_EMPTY_BODY = YES;
				CLANG_WARN_ENUM_CONVERSION = YES;
				CLANG_WARN_INFINITE_RECURSION = YES;
				CLANG_WARN_INT_CONVERSION = YES;
				CLANG_WARN_OBJC_ROOT_CLASS = YES_ERROR;
				CLANG_WARN_SUSPICIOUS_MOVE = YES;
				CLANG_WARN_UNREACHABLE_CODE = YES;
				CLANG_WARN__DUPLICATE_METHOD_MATCH = YES;
				"CODE_SIGN_IDENTITY[sdk=iphoneos*]" = "iPhone Developer";
				COPY_PHASE_STRIP = NO;
				DEBUG_INFORMATION_FORMAT = "dwarf-with-dsym";
				ENABLE_NS_ASSERTIONS = NO;
				ENABLE_STRICT_OBJC_MSGSEND = YES;
				GCC_C_LANGUAGE_STANDARD = gnu99;
				GCC_NO_COMMON_BLOCKS = YES;
				GCC_WARN_64_TO_32_BIT_CONVERSION = YES;
				GCC_WARN_ABOUT_RETURN_TYPE = YES_ERROR;
				GCC_WARN_UNDECLARED_SELECTOR = YES;
				GCC_WARN_UNINITIALIZED_AUTOS = YES_AGGRESSIVE;
				GCC_WARN_UNUSED_FUNCTION = YES;
				GCC_WARN_UNUSED_VARIABLE = YES;
				IPHONEOS_DEPLOYMENT_TARGET = 10.2;
				MTL_ENABLE_DEBUG_INFO = NO;
				SDKROOT = iphoneos;
				VALIDATE_PRODUCT = YES;
			};
			name = Release;
		};
		F32DD37D1E5F6C27001A636A /* Debug */ = {
			isa = XCBuildConfiguration;
			buildSettings = {
				ASSETCATALOG_COMPILER_APPICON_NAME = AppIcon;
				DEVELOPMENT_TEAM = "";
				INFOPLIST_FILE = Test/Info.plist;
				LD_RUNPATH_SEARCH_PATHS = "$(inherited) @executable_path/Frameworks";
				PRODUCT_BUNDLE_IDENTIFIER = com.Test;
				PRODUCT_NAME = "$(TARGET_NAME)";
			};
			name = Debug;
		};
		F32DD37E1E5F6C27001A636A /* Release */ = {
			isa = XCBuildConfiguration;
			buildSettings = {
				ASSETCATALOG_COMPILER_APPICON_NAME = AppIcon;
				DEVELOPMENT_TEAM = "";
				INFOPLIST_FILE = Test/Info.plist;
				LD_RUNPATH_SEARCH_PATHS = "$(inherited) @executable_path/Frameworks";
				PRODUCT_BUNDLE_IDENTIFIER = com.Test;
				PRODUCT_NAME = "$(TARGET_NAME)";
			};
			name = Release;
		};
		F32DD3801E5F6C27001A636A /* Debug */ = {
			isa = XCBuildConfiguration;
			buildSettings = {
				INFOPLIST_FILE = TestUITests/Info.plist;
				LD_RUNPATH_SEARCH_PATHS = "$(inherited) @executable_path/Frameworks @loader_path/Frameworks";
				PRODUCT_BUNDLE_IDENTIFIER = com.TestUITests;
				PRODUCT_NAME = "$(TARGET_NAME)";
				TEST_TARGET_NAME = Test;
			};
			name = Debug;
		};
		F32DD3811E5F6C27001A636A /* Release */ = {
			isa = XCBuildConfiguration;
			buildSettings = {
				INFOPLIST_FILE = TestUITests/Info.plist;
				LD_RUNPATH_SEARCH_PATHS = "$(inherited) @executable_path/Frameworks @loader_path/Frameworks";
				PRODUCT_BUNDLE_IDENTIFIER = com.TestUITests;
				PRODUCT_NAME = "$(TARGET_NAME)";
				TEST_TARGET_NAME = Test;
			};
			name = Release;
		};
/* End XCBuildConfiguration section */

/* Begin XCConfigurationList section */
		F32DD3551E5F6C11001A636A /* Build configuration list for PBXProject "Test" */ = {
			isa = XCConfigurationList;
			buildConfigurations = (
				F32DD37A1E5F6C27001A636A /* Debug */,
				F32DD37B1E5F6C27001A636A /* Release */,
			);
			defaultConfigurationIsVisible = 0;
			defaultConfigurationName = Release;
		};
		F32DD37C1E5F6C27001A636A /* Build configuration list for PBXNativeTarget "Test" */ = {
			isa = XCConfigurationList;
			buildConfigurations = (
				F32DD37D1E5F6C27001A636A /* Debug */,
				F32DD37E1E5F6C27001A636A /* Release */,
			);
			defaultConfigurationIsVisible = 0;
		};
		F32DD37F1E5F6C27001A636A /* Build configuration list for PBXNativeTarget "TestUITests" */ = {
			isa = XCConfigurationList;
			buildConfigurations = (
				F32DD3801E5F6C27001A636A /* Debug */,
				F32DD3811E5F6C27001A636A /* Release */,
			);
			defaultConfigurationIsVisible = 0;
		};
/* End XCConfigurationList section */
	};
	rootObject = F32DD3521E5F6C11001A636A /* Project object */;
}
